// !$*UTF8*$!
{
	archiveVersion = 1;
	classes = {
	};
	objectVersion = 48;
	objects = {

/* Begin PBXBuildFile section */
		743E0F9F206CBF8D00AAF578 /* AppDelegate.swift in Sources */ = {isa = PBXBuildFile; fileRef = 743E0F9E206CBF8D00AAF578 /* AppDelegate.swift */; };
		743E0FA1206CBF8D00AAF578 /* ViewController.swift in Sources */ = {isa = PBXBuildFile; fileRef = 743E0FA0206CBF8D00AAF578 /* ViewController.swift */; };
		743E0FA4206CBF8D00AAF578 /* Main.storyboard in Resources */ = {isa = PBXBuildFile; fileRef = 743E0FA2206CBF8D00AAF578 /* Main.storyboard */; };
		743E0FA6206CBF8D00AAF578 /* Assets.xcassets in Resources */ = {isa = PBXBuildFile; fileRef = 743E0FA5206CBF8D00AAF578 /* Assets.xcassets */; };
		743E0FA9206CBF8D00AAF578 /* LaunchScreen.storyboard in Resources */ = {isa = PBXBuildFile; fileRef = 743E0FA7206CBF8D00AAF578 /* LaunchScreen.storyboard */; };
/* End PBXBuildFile section */

/* Begin PBXFileReference section */
		743E0F9B206CBF8D00AAF578 /* Prime Number Check.app */ = {isa = PBXFileReference; explicitFileType = wrapper.application; includeInIndex = 0; path = "Prime Number Check.app"; sourceTree = BUILT_PRODUCTS_DIR; };
		743E0F9E206CBF8D00AAF578 /* AppDelegate.swift */ = {isa = PBXFileReference; lastKnownFileType = sourcecode.swift; path = AppDelegate.swift; sourceTree = "<group>"; };
		743E0FA0206CBF8D00AAF578 /* ViewController.swift */ = {isa = PBXFileReference; lastKnownFileType = sourcecode.swift; path = ViewController.swift; sourceTree = "<group>"; };
		743E0FA3206CBF8D00AAF578 /* Base */ = {isa = PBXFileReference; lastKnownFileType = file.storyboard; name = Base; path = Base.lproj/Main.storyboard; sourceTree = "<group>"; };
		743E0FA5206CBF8D00AAF578 /* Assets.xcassets */ = {isa = PBXFileReference; lastKnownFileType = folder.assetcatalog; path = Assets.xcassets; sourceTree = "<group>"; };
		743E0FA8206CBF8D00AAF578 /* Base */ = {isa = PBXFileReference; lastKnownFileType = file.storyboard; name = Base; path = Base.lproj/LaunchScreen.storyboard; sourceTree = "<group>"; };
		743E0FAA206CBF8D00AAF578 /* Info.plist */ = {isa = PBXFileReference; lastKnownFileType = text.plist.xml; path = Info.plist; sourceTree = "<group>"; };
/* End PBXFileReference section */

/* Begin PBXFrameworksBuildPhase section */
		743E0F98206CBF8D00AAF578 /* Frameworks */ = {
			isa = PBXFrameworksBuildPhase;
			buildActionMask = 2147483647;
			files = (
			);
			runOnlyForDeploymentPostprocessing = 0;
		};
/* End PBXFrameworksBuildPhase section */

/* Begin PBXGroup section */
		743E0F92206CBF8D00AAF578 = {
			isa = PBXGroup;
			children = (
				743E0F9D206CBF8D00AAF578 /* Prime Number Check */,
				743E0F9C206CBF8D00AAF578 /* Products */,
			);
			sourceTree = "<group>";
		};
		743E0F9C206CBF8D00AAF578 /* Products */ = {
			isa = PBXGroup;
			children = (
				743E0F9B206CBF8D00AAF578 /* Prime Number Check.app */,
			);
			name = Products;
			sourceTree = "<group>";
		};
		743E0F9D206CBF8D00AAF578 /* Prime Number Check */ = {
			isa = PBXGroup;
			children = (
				743E0F9E206CBF8D00AAF578 /* AppDelegate.swift */,
				743E0FA0206CBF8D00AAF578 /* ViewController.swift */,
				743E0FA2206CBF8D00AAF578 /* Main.storyboard */,
				743E0FA5206CBF8D00AAF578 /* Assets.xcassets */,
				743E0FA7206CBF8D00AAF578 /* LaunchScreen.storyboard */,
				743E0FAA206CBF8D00AAF578 /* Info.plist */,
			);
			path = "Prime Number Check";
			sourceTree = "<group>";
		};
/* End PBXGroup section */

/* Begin PBXNativeTarget section */
		743E0F9A206CBF8D00AAF578 /* Prime Number Check */ = {
			isa = PBXNativeTarget;
			buildConfigurationList = 743E0FAD206CBF8D00AAF578 /* Build configuration list for PBXNativeTarget "Prime Number Check" */;
			buildPhases = (
				743E0F97206CBF8D00AAF578 /* Sources */,
				743E0F98206CBF8D00AAF578 /* Frameworks */,
				743E0F99206CBF8D00AAF578 /* Resources */,
			);
			buildRules = (
			);
			dependencies = (
			);
			name = "Prime Number Check";
			productName = "Prime Number Check";
			productReference = 743E0F9B206CBF8D00AAF578 /* Prime Number Check.app */;
			productType = "com.apple.product-type.application";
		};
/* End PBXNativeTarget section */

/* Begin PBXProject section */
		743E0F93206CBF8D00AAF578 /* Project object */ = {
			isa = PBXProject;
			attributes = {
				LastSwiftUpdateCheck = 0920;
				LastUpgradeCheck = 0920;
				ORGANIZATIONNAME = D7703_07;
				TargetAttributes = {
					743E0F9A206CBF8D00AAF578 = {
						CreatedOnToolsVersion = 9.2;
						ProvisioningStyle = Automatic;
					};
				};
			};
			buildConfigurationList = 743E0F96206CBF8D00AAF578 /* Build configuration list for PBXProject "Prime Number Check" */;
			compatibilityVersion = "Xcode 8.0";
			developmentRegion = en;
			hasScannedForEncodings = 0;
			knownRegions = (
				en,
				Base,
			);
			mainGroup = 743E0F92206CBF8D00AAF578;
			productRefGroup = 743E0F9C206CBF8D00AAF578 /* Products */;
			projectDirPath = "";
			projectRoot = "";
			targets = (
				743E0F9A206CBF8D00AAF578 /* Prime Number Check */,
			);
		};
/* End PBXProject section */

/* Begin PBXResourcesBuildPhase section */
		743E0F99206CBF8D00AAF578 /* Resources */ = {
			isa = PBXResourcesBuildPhase;
			buildActionMask = 2147483647;
			files = (
				743E0FA9206CBF8D00AAF578 /* LaunchScreen.storyboard in Resources */,
				743E0FA6206CBF8D00AAF578 /* Assets.xcassets in Resources */,
				743E0FA4206CBF8D00AAF578 /* Main.storyboard in Resources */,
			);
			runOnlyForDeploymentPostprocessing = 0;
		};
/* End PBXResourcesBuildPhase section */

/* Begin PBXSourcesBuildPhase section */
		743E0F97206CBF8D00AAF578 /* Sources */ = {
			isa = PBXSourcesBuildPhase;
			buildActionMask = 2147483647;
			files = (
				743E0FA1206CBF8D00AAF578 /* ViewController.swift in Sources */,
				743E0F9F206CBF8D00AAF578 /* AppDelegate.swift in Sources */,
			);
			runOnlyForDeploymentPostprocessing = 0;
		};
/* End PBXSourcesBuildPhase section */

/* Begin PBXVariantGroup section */
		743E0FA2206CBF8D00AAF578 /* Main.storyboard */ = {
			isa = PBXVariantGroup;
			children = (
				743E0FA3206CBF8D00AAF578 /* Base */,
			);
			name = Main.storyboard;
			sourceTree = "<group>";
		};
		743E0FA7206CBF8D00AAF578 /* LaunchScreen.storyboard */ = {
			isa = PBXVariantGroup;
			children = (
				743E0FA8206CBF8D00AAF578 /* Base */,
			);
			name = LaunchScreen.storyboard;
			sourceTree = "<group>";
		};
/* End PBXVariantGroup section */

/* Begin XCBuildConfiguration section */
		743E0FAB206CBF8D00AAF578 /* Debug */ = {
			isa = XCBuildConfiguration;
			buildSettings = {
				ALWAYS_SEARCH_USER_PATHS = NO;
				CLANG_ANALYZER_NONNULL = YES;
				CLANG_ANALYZER_NUMBER_OBJECT_CONVERSION = YES_AGGRESSIVE;
				CLANG_CXX_LANGUAGE_STANDARD = "gnu++14";
				CLANG_CXX_LIBRARY = "libc++";
				CLANG_ENABLE_MODULES = YES;
				CLANG_ENABLE_OBJC_ARC = YES;
				CLANG_WARN_BLOCK_CAPTURE_AUTORELEASING = YES;
				CLANG_WARN_BOOL_CONVERSION = YES;
				CLANG_WARN_COMMA = YES;
				CLANG_WARN_CONSTANT_CONVERSION = YES;
				CLANG_WARN_DIRECT_OBJC_ISA_USAGE = YES_ERROR;
				CLANG_WARN_DOCUMENTATION_COMMENTS = YES;
				CLANG_WARN_EMPTY_BODY = YES;
				CLANG_WARN_ENUM_CONVERSION = YES;
				CLANG_WARN_INFINITE_RECURSION = YES;
				CLANG_WARN_INT_CONVERSION = YES;
				CLANG_WARN_NON_LITERAL_NULL_CONVERSION = YES;
				CLANG_WARN_OBJC_LITERAL_CONVERSION = YES;
				CLANG_WARN_OBJC_ROOT_CLASS = YES_ERROR;
				CLANG_WARN_RANGE_LOOP_ANALYSIS = YES;
				CLANG_WARN_STRICT_PROTOTYPES = YES;
				CLANG_WARN_SUSPICIOUS_MOVE = YES;
				CLANG_WARN_UNGUARDED_AVAILABILITY = YES_AGGRESSIVE;
				CLANG_WARN_UNREACHABLE_CODE = YES;
				CLANG_WARN__DUPLICATE_METHOD_MATCH = YES;
				CODE_SIGN_IDENTITY = "iPhone Developer";
				COPY_PHASE_STRIP = NO;
				DEBUG_INFORMATION_FORMAT = dwarf;
				ENABLE_STRICT_OBJC_MSGSEND = YES;
				ENABLE_TESTABILITY = YES;
				GCC_C_LANGUAGE_STANDARD = gnu11;
				GCC_DYNAMIC_NO_PIC = NO;
				GCC_NO_COMMON_BLOCKS = YES;
				GCC_OPTIMIZATION_LEVEL = 0;
				GCC_PREPROCESSOR_DEFINITIONS = (
					"DEBUG=1",
					"$(inherited)",
				);
				GCC_WARN_64_TO_32_BIT_CONVERSION = YES;
				GCC_WARN_ABOUT_RETURN_TYPE = YES_ERROR;
				GCC_WARN_UNDECLARED_SELECTOR = YES;
				GCC_WARN_UNINITIALIZED_AUTOS = YES_AGGRESSIVE;
				GCC_WARN_UNUSED_FUNCTION = YES;
				GCC_WARN_UNUSED_VARIABLE = YES;
				IPHONEOS_DEPLOYMENT_TARGET = 11.2;
				MTL_ENABLE_DEBUG_INFO = YES;
				ONLY_ACTIVE_ARCH = YES;
				SDKROOT = iphoneos;
				SWIFT_ACTIVE_COMPILATION_CONDITIONS = DEBUG;
				SWIFT_OPTIMIZATION_LEVEL = "-Onone";
			};
			name = Debug;
		};
		743E0FAC206CBF8D00AAF578 /* Release */ = {
			isa = XCBuildConfiguration;
			buildSettings = {
				ALWAYS_SEARCH_USER_PATHS = NO;
				CLANG_ANALYZER_NONNULL = YES;
				CLANG_ANALYZER_NUMBER_OBJECT_CONVERSION = YES_AGGRESSIVE;
				CLANG_CXX_LANGUAGE_STANDARD = "gnu++14";
				CLANG_CXX_LIBRARY = "libc++";
				CLANG_ENABLE_MODULES = YES;
				CLANG_ENABLE_OBJC_ARC = YES;
				CLANG_WARN_BLOCK_CAPTURE_AUTORELEASING = YES;
				CLANG_WARN_BOOL_CONVERSION = YES;
				CLANG_WARN_COMMA = YES;
				CLANG_WARN_CONSTANT_CONVERSION = YES;
				CLANG_WARN_DIRECT_OBJC_ISA_USAGE = YES_ERROR;
				CLANG_WARN_DOCUMENTATION_COMMENTS = YES;
				CLANG_WARN_EMPTY_BODY = YES;
				CLANG_WARN_ENUM_CONVERSION = YES;
				CLANG_WARN_INFINITE_RECURSION = YES;
				CLANG_WARN_INT_CONVERSION = YES;
				CLANG_WARN_NON_LITERAL_NULL_CONVERSION = YES;
				CLANG_WARN_OBJC_LITERAL_CONVERSION = YES;
				CLANG_WARN_OBJC_ROOT_CLASS = YES_ERROR;
				CLANG_WARN_RANGE_LOOP_ANALYSIS = YES;
				CLANG_WARN_STRICT_PROTOTYPES = YES;
				CLANG_WARN_SUSPICIOUS_MOVE = YES;
				CLANG_WARN_UNGUARDED_AVAILABILITY = YES_AGGRESSIVE;
				CLANG_WARN_UNREACHABLE_CODE = YES;
				CLANG_WARN__DUPLICATE_METHOD_MATCH = YES;
				CODE_SIGN_IDENTITY = "iPhone Developer";
				COPY_PHASE_STRIP = NO;
				DEBUG_INFORMATION_FORMAT = "dwarf-with-dsym";
				ENABLE_NS_ASSERTIONS = NO;
				ENABLE_STRICT_OBJC_MSGSEND = YES;
				GCC_C_LANGUAGE_STANDARD = gnu11;
				GCC_NO_COMMON_BLOCKS = YES;
				GCC_WARN_64_TO_32_BIT_CONVERSION = YES;
				GCC_WARN_ABOUT_RETURN_TYPE = YES_ERROR;
				GCC_WARN_UNDECLARED_SELECTOR = YES;
				GCC_WARN_UNINITIALIZED_AUTOS = YES_AGGRESSIVE;
				GCC_WARN_UNUSED_FUNCTION = YES;
				GCC_WARN_UNUSED_VARIABLE = YES;
				IPHONEOS_DEPLOYMENT_TARGET = 11.2;
				MTL_ENABLE_DEBUG_INFO = NO;
				SDKROOT = iphoneos;
				SWIFT_OPTIMIZATION_LEVEL = "-Owholemodule";
				VALIDATE_PRODUCT = YES;
			};
			name = Release;
		};
		743E0FAE206CBF8D00AAF578 /* Debug */ = {
			isa = XCBuildConfiguration;
			buildSettings = {
				ASSETCATALOG_COMPILER_APPICON_NAME = AppIcon;
				CODE_SIGN_STYLE = Automatic;
				INFOPLIST_FILE = "Prime Number Check/Info.plist";
				LD_RUNPATH_SEARCH_PATHS = "$(inherited) @executable_path/Frameworks";
				PRODUCT_BUNDLE_IDENTIFIER = "-.Prime-Number-Check";
				PRODUCT_NAME = "$(TARGET_NAME)";
				SWIFT_VERSION = 4.0;
				TARGETED_DEVICE_FAMILY = "1,2";
			};
			name = Debug;
		};
		743E0FAF206CBF8D00AAF578 /* Release */ = {
			isa = XCBuildConfiguration;
			buildSettings = {
				ASSETCATALOG_COMPILER_APPICON_NAME = AppIcon;
				CODE_SIGN_STYLE = Automatic;
				INFOPLIST_FILE = "Prime Number Check/Info.plist";
				LD_RUNPATH_SEARCH_PATHS = "$(inherited) @executable_path/Frameworks";
				PRODUCT_BUNDLE_IDENTIFIER = "-.Prime-Number-Check";
				PRODUCT_NAME = "$(TARGET_NAME)";
				SWIFT_VERSION = 4.0;
				TARGETED_DEVICE_FAMILY = "1,2";
			};
			name = Release;
		};
/* End XCBuildConfiguration section */

/* Begin XCConfigurationList section */
		743E0F96206CBF8D00AAF578 /* Build configuration list for PBXProject "Prime Number Check" */ = {
			isa = XCConfigurationList;
			buildConfigurations = (
				743E0FAB206CBF8D00AAF578 /* Debug */,
				743E0FAC206CBF8D00AAF578 /* Release */,
			);
			defaultConfigurationIsVisible = 0;
			defaultConfigurationName = Release;
		};
		743E0FAD206CBF8D00AAF578 /* Build configuration list for PBXNativeTarget "Prime Number Check" */ = {
			isa = XCConfigurationList;
			buildConfigurations = (
				743E0FAE206CBF8D00AAF578 /* Debug */,
				743E0FAF206CBF8D00AAF578 /* Release */,
			);
			defaultConfigurationIsVisible = 0;
			defaultConfigurationName = Release;
		};
/* End XCConfigurationList section */
	};
	rootObject = 743E0F93206CBF8D00AAF578 /* Project object */;
}
